{
  "version": 4,
  "terraform_version": "0.13.5",
  "serial": 41,
  "lineage": "204ee780-4eef-5e4b-47e0-f0463bb1834e",
  "outputs": {},
  "resources": [
    {
      "mode": "managed",
      "type": "aws_iam_group",
      "name": "group",
      "provider": "provider[\"registry.terraform.io/hashicorp/aws\"]",
      "instances": [
        {
          "schema_version": 0,
          "attributes": {
            "arn": "arn:aws:iam::779136181681:group/test-group-tf",
            "id": "test-group-tf",
            "name": "test-group-tf",
            "path": "/",
            "unique_id": "AGPA3K2BCUWYSM4V7RFO6"
          },
          "private": "bnVsbA=="
        }
      ]
    },
    {
      "mode": "managed",
      "type": "aws_iam_group_policy_attachment",
      "name": "test-attach",
      "provider": "provider[\"registry.terraform.io/hashicorp/aws\"]",
      "instances": [
        {
          "schema_version": 0,
          "attributes": {
            "group": "test-group-tf",
            "id": "test-group-tf-20210108180548927200000001",
            "policy_arn": "arn:aws:iam::779136181681:policy/test-policy-tf"
          },
          "private": "bnVsbA==",
          "dependencies": [
            "aws_iam_group.group",
            "aws_iam_policy.policy"
          ]
        }
      ]
    },
    {
      "mode": "managed",
      "type": "aws_iam_policy",
      "name": "policy",
      "provider": "provider[\"registry.terraform.io/hashicorp/aws\"]",
      "instances": [
        {
          "schema_version": 0,
          "attributes": {
            "arn": "arn:aws:iam::779136181681:policy/test-policy-tf",
            "description": "",
            "id": "arn:aws:iam::779136181681:policy/test-policy-tf",
            "name": "test-policy-tf",
            "name_prefix": null,
            "path": "/",
            "policy": "{\n  \"Version\": \"2012-10-17\",\n  \"Statement\": [\n    {\n      \"Action\": [\n        \"ec2:Describe*\"\n      ],\n      \"Effect\": \"Deny\",\n      \"Resource\": \"*\"\n    }\n  ]\n}\n"
          },
          "private": "bnVsbA=="
        }
      ]
    },
    {
      "mode": "managed",
      "type": "aws_iam_user",
      "name": "user",
      "provider": "provider[\"registry.terraform.io/hashicorp/aws\"]",
      "instances": [
        {
          "schema_version": 0,
          "attributes": {
            "arn": "arn:aws:iam::779136181681:user/test-user-tf",
            "force_destroy": false,
            "id": "test-user-tf",
            "name": "test-user-tf",
            "path": "/",
            "permissions_boundary": null,
            "tags": {},
            "unique_id": "AIDA3K2BCUWYQXTYQZTUJ"
          },
          "private": "bnVsbA=="
        }
      ]
    },
    {
      "mode": "managed",
      "type": "aws_iam_user_group_membership",
      "name": "group_membership_user",
      "provider": "provider[\"registry.terraform.io/hashicorp/aws\"]",
      "instances": [
        {
          "schema_version": 0,
          "attributes": {
            "groups": [
              "test-group-tf"
            ],
            "id": "terraform-20210108180700764100000001",
            "user": "test-user-tf"
          },
          "private": "bnVsbA==",
          "dependencies": [
            "aws_iam_group.group",
            "aws_iam_user.user"
          ]
        }
      ]
    }
  ]
}
